PODS:
  - AFNetworking (4.0.1):
    - AFNetworking/NSURLSession (= 4.0.1)
    - AFNetworking/Reachability (= 4.0.1)
    - AFNetworking/Security (= 4.0.1)
    - AFNetworking/Serialization (= 4.0.1)
    - AFNetworking/UIKit (= 4.0.1)
  - AFNetworking/NSURLSession (4.0.1):
    - AFNetworking/Reachability
    - AFNetworking/Security
    - AFNetworking/Serialization
  - AFNetworking/Reachability (4.0.1)
  - AFNetworking/Security (4.0.1)
  - AFNetworking/Serialization (4.0.1)
  - AFNetworking/UIKit (4.0.1):
    - AFNetworking/NSURLSession
  - MJRefresh (3.0.8)
  - Shelfmagnetic (0.0.2):
    - AFNetworking (~> 4.0.0)
    - MJRefresh (~> 3.0.0)

DEPENDENCIES:
  - AFNetworking
  - MJRefresh
  - Shelfmagnetic

SPEC REPOS:
  https://github.com/cocoapods/specs.git:
    - AFNetworking
    - MJRefresh
    - Shelfmagnetic

SPEC CHECKSUMS:
  AFNetworking: 7864c38297c79aaca1500c33288e429c3451fdce
  MJRefresh: fafde8f18f4afd66b434331a9beb67a6c0264056
  Shelfmagnetic: ac5f3e784a70b07420fce304d080a4217db047c3

PODFILE CHECKSUM: 0e29fe187bbe87c7d10d5d689fc0026ee1c0db2f

COCOAPODS: 1.7.5
