// !$*UTF8*$!
{
	archiveVersion = 1;
	classes = {
	};
	objectVersion = 51;
	objects = {

/* Begin PBXBuildFile section */
		4FCA4813B6421092D1B3BADE /* Pods_ShelfMagneticUITests.framework in Frameworks */ = {isa = PBXBuildFile; fileRef = 055EA43755EE280ABD8665E4 /* Pods_ShelfMagneticUITests.framework */; };
		87309F228107F82C7606277B /* Pods_ShelfMagneticTests.framework in Frameworks */ = {isa = PBXBuildFile; fileRef = E538D4EA7C596491A63FD1E2 /* Pods_ShelfMagneticTests.framework */; };
		D131D77624C9D8330014ADCB /* NSDate+Extension.m in Sources */ = {isa = PBXBuildFile; fileRef = D131D77524C9D8330014ADCB /* NSDate+Extension.m */; };
		D1411D2324B5EA53000A0C53 /* MagneticDemoController.m in Sources */ = {isa = PBXBuildFile; fileRef = D1411D2224B5EA53000A0C53 /* MagneticDemoController.m */; };
		D152165724B4875100B027C1 /* NSObject+Runtime.m in Sources */ = {isa = PBXBuildFile; fileRef = D152165624B4875100B027C1 /* NSObject+Runtime.m */; };
		D1B8A35424B1E6AD00DEB477 /* JEHttpManager.m in Sources */ = {isa = PBXBuildFile; fileRef = D1B8A35324B1E6AD00DEB477 /* JEHttpManager.m */; };
		D1B8A37524B230CF00DEB477 /* JEBaseEmptyView.m in Sources */ = {isa = PBXBuildFile; fileRef = D1B8A37424B230CF00DEB477 /* JEBaseEmptyView.m */; };
		D1B8A37E24B230E500DEB477 /* JEBaseLoadingView.m in Sources */ = {isa = PBXBuildFile; fileRef = D1B8A37624B230E500DEB477 /* JEBaseLoadingView.m */; };
		D1B8A38024B230E500DEB477 /* MagneticTableFooterView.m in Sources */ = {isa = PBXBuildFile; fileRef = D1B8A37924B230E500DEB477 /* MagneticTableFooterView.m */; };
		D1B8A38424B230EF00DEB477 /* MagneticContext.m in Sources */ = {isa = PBXBuildFile; fileRef = D1B8A38324B230EF00DEB477 /* MagneticContext.m */; };
		D1B8A39424B234F400DEB477 /* MagneticErrorCell.m in Sources */ = {isa = PBXBuildFile; fileRef = D1B8A39224B234F400DEB477 /* MagneticErrorCell.m */; };
		D1B8A39D24B2356700DEB477 /* UIView+NetWorkError.m in Sources */ = {isa = PBXBuildFile; fileRef = D1B8A39924B2356700DEB477 /* UIView+NetWorkError.m */; };
		D1B8A3A324B235AC00DEB477 /* MagneticController.m in Sources */ = {isa = PBXBuildFile; fileRef = D1B8A39F24B235AC00DEB477 /* MagneticController.m */; };
		D1B8A3A724B2371A00DEB477 /* MagneticsController.m in Sources */ = {isa = PBXBuildFile; fileRef = D1B8A3A524B2371A00DEB477 /* MagneticsController.m */; };
		D1B8A3AA24B2377A00DEB477 /* MagneticTableView.m in Sources */ = {isa = PBXBuildFile; fileRef = D1B8A3A924B2377A00DEB477 /* MagneticTableView.m */; };
		D1D23F2E25B7174F00E4BB2D /* MagneticsDemoViewController.m in Sources */ = {isa = PBXBuildFile; fileRef = D1D23F2D25B7174F00E4BB2D /* MagneticsDemoViewController.m */; };
		D1D23F3125B7277D00E4BB2D /* MagneticDemo2Controller.m in Sources */ = {isa = PBXBuildFile; fileRef = D1D23F3025B7277D00E4BB2D /* MagneticDemo2Controller.m */; };
		D1D23F3425B7279900E4BB2D /* MagneticDemo3Controller.m in Sources */ = {isa = PBXBuildFile; fileRef = D1D23F3325B7279900E4BB2D /* MagneticDemo3Controller.m */; };
		D1D393CD24B5B59400514613 /* Pods_ShelfMagnetic.framework in Frameworks */ = {isa = PBXBuildFile; fileRef = 0E611EAE0C8F289C031F5CBB /* Pods_ShelfMagnetic.framework */; };
		D1D9E7F42483D0C400F2957A /* AppDelegate.m in Sources */ = {isa = PBXBuildFile; fileRef = D1D9E7F32483D0C400F2957A /* AppDelegate.m */; };
		D1D9E7F72483D0C400F2957A /* SceneDelegate.m in Sources */ = {isa = PBXBuildFile; fileRef = D1D9E7F62483D0C400F2957A /* SceneDelegate.m */; };
		D1D9E7FA2483D0C400F2957A /* ViewController.m in Sources */ = {isa = PBXBuildFile; fileRef = D1D9E7F92483D0C400F2957A /* ViewController.m */; };
		D1D9E7FD2483D0C400F2957A /* Main.storyboard in Resources */ = {isa = PBXBuildFile; fileRef = D1D9E7FB2483D0C400F2957A /* Main.storyboard */; };
		D1D9E7FF2483D0C500F2957A /* Assets.xcassets in Resources */ = {isa = PBXBuildFile; fileRef = D1D9E7FE2483D0C500F2957A /* Assets.xcassets */; };
		D1D9E8022483D0C500F2957A /* LaunchScreen.storyboard in Resources */ = {isa = PBXBuildFile; fileRef = D1D9E8002483D0C500F2957A /* LaunchScreen.storyboard */; };
		D1D9E8052483D0C500F2957A /* main.m in Sources */ = {isa = PBXBuildFile; fileRef = D1D9E8042483D0C500F2957A /* main.m */; };
		D1D9E80F2483D0C600F2957A /* ShelfMagneticTests.m in Sources */ = {isa = PBXBuildFile; fileRef = D1D9E80E2483D0C600F2957A /* ShelfMagneticTests.m */; };
		D1D9E81A2483D0C600F2957A /* ShelfMagneticUITests.m in Sources */ = {isa = PBXBuildFile; fileRef = D1D9E8192483D0C600F2957A /* ShelfMagneticUITests.m */; };
		D1F148FC24B9A7BF003F84B8 /* JELoadingManager.m in Sources */ = {isa = PBXBuildFile; fileRef = D1F148FB24B9A7BF003F84B8 /* JELoadingManager.m */; };
/* End PBXBuildFile section */

/* Begin PBXContainerItemProxy section */
		D1D9E80B2483D0C600F2957A /* PBXContainerItemProxy */ = {
			isa = PBXContainerItemProxy;
			containerPortal = D1D9E7E72483D0C400F2957A /* Project object */;
			proxyType = 1;
			remoteGlobalIDString = D1D9E7EE2483D0C400F2957A;
			remoteInfo = ShelfMagnetic;
		};
		D1D9E8162483D0C600F2957A /* PBXContainerItemProxy */ = {
			isa = PBXContainerItemProxy;
			containerPortal = D1D9E7E72483D0C400F2957A /* Project object */;
			proxyType = 1;
			remoteGlobalIDString = D1D9E7EE2483D0C400F2957A;
			remoteInfo = ShelfMagnetic;
		};
/* End PBXContainerItemProxy section */

/* Begin PBXFileReference section */
		055EA43755EE280ABD8665E4 /* Pods_ShelfMagneticUITests.framework */ = {isa = PBXFileReference; explicitFileType = wrapper.framework; includeInIndex = 0; path = Pods_ShelfMagneticUITests.framework; sourceTree = BUILT_PRODUCTS_DIR; };
		0E611EAE0C8F289C031F5CBB /* Pods_ShelfMagnetic.framework */ = {isa = PBXFileReference; explicitFileType = wrapper.framework; includeInIndex = 0; path = Pods_ShelfMagnetic.framework; sourceTree = BUILT_PRODUCTS_DIR; };
		1DA29060E0CDACFC9DAC2C02 /* Pods-ShelfMagneticTests.debug.xcconfig */ = {isa = PBXFileReference; includeInIndex = 1; lastKnownFileType = text.xcconfig; name = "Pods-ShelfMagneticTests.debug.xcconfig"; path = "Target Support Files/Pods-ShelfMagneticTests/Pods-ShelfMagneticTests.debug.xcconfig"; sourceTree = "<group>"; };
		5A28446C7AD8200E284F333E /* Pods-ShelfMagneticTests.release.xcconfig */ = {isa = PBXFileReference; includeInIndex = 1; lastKnownFileType = text.xcconfig; name = "Pods-ShelfMagneticTests.release.xcconfig"; path = "Target Support Files/Pods-ShelfMagneticTests/Pods-ShelfMagneticTests.release.xcconfig"; sourceTree = "<group>"; };
		865EF70E3310D48C9067775B /* Pods-ShelfMagneticUITests.release.xcconfig */ = {isa = PBXFileReference; includeInIndex = 1; lastKnownFileType = text.xcconfig; name = "Pods-ShelfMagneticUITests.release.xcconfig"; path = "Target Support Files/Pods-ShelfMagneticUITests/Pods-ShelfMagneticUITests.release.xcconfig"; sourceTree = "<group>"; };
		8C973470D6363E337784DFDC /* Pods-ShelfMagneticUITests.debug.xcconfig */ = {isa = PBXFileReference; includeInIndex = 1; lastKnownFileType = text.xcconfig; name = "Pods-ShelfMagneticUITests.debug.xcconfig"; path = "Target Support Files/Pods-ShelfMagneticUITests/Pods-ShelfMagneticUITests.debug.xcconfig"; sourceTree = "<group>"; };
		96E7AFBD68CBF6B4A5C1B03E /* Pods-ShelfMagnetic.debug.xcconfig */ = {isa = PBXFileReference; includeInIndex = 1; lastKnownFileType = text.xcconfig; name = "Pods-ShelfMagnetic.debug.xcconfig"; path = "Target Support Files/Pods-ShelfMagnetic/Pods-ShelfMagnetic.debug.xcconfig"; sourceTree = "<group>"; };
		BCC103CDAB73EF04BEEE094F /* Pods-ShelfMagnetic.release.xcconfig */ = {isa = PBXFileReference; includeInIndex = 1; lastKnownFileType = text.xcconfig; name = "Pods-ShelfMagnetic.release.xcconfig"; path = "Target Support Files/Pods-ShelfMagnetic/Pods-ShelfMagnetic.release.xcconfig"; sourceTree = "<group>"; };
		D131D77424C9D8330014ADCB /* NSDate+Extension.h */ = {isa = PBXFileReference; lastKnownFileType = sourcecode.c.h; path = "NSDate+Extension.h"; sourceTree = "<group>"; };
		D131D77524C9D8330014ADCB /* NSDate+Extension.m */ = {isa = PBXFileReference; lastKnownFileType = sourcecode.c.objc; path = "NSDate+Extension.m"; sourceTree = "<group>"; };
		D1411D2124B5EA53000A0C53 /* MagneticDemoController.h */ = {isa = PBXFileReference; lastKnownFileType = sourcecode.c.h; path = MagneticDemoController.h; sourceTree = "<group>"; };
		D1411D2224B5EA53000A0C53 /* MagneticDemoController.m */ = {isa = PBXFileReference; lastKnownFileType = sourcecode.c.objc; path = MagneticDemoController.m; sourceTree = "<group>"; };
		D152165524B4875100B027C1 /* NSObject+Runtime.h */ = {isa = PBXFileReference; fileEncoding = 4; lastKnownFileType = sourcecode.c.h; path = "NSObject+Runtime.h"; sourceTree = "<group>"; };
		D152165624B4875100B027C1 /* NSObject+Runtime.m */ = {isa = PBXFileReference; fileEncoding = 4; lastKnownFileType = sourcecode.c.objc; path = "NSObject+Runtime.m"; sourceTree = "<group>"; };
		D1B8A35224B1E6AD00DEB477 /* JEHttpManager.h */ = {isa = PBXFileReference; lastKnownFileType = sourcecode.c.h; path = JEHttpManager.h; sourceTree = "<group>"; };
		D1B8A35324B1E6AD00DEB477 /* JEHttpManager.m */ = {isa = PBXFileReference; lastKnownFileType = sourcecode.c.objc; path = JEHttpManager.m; sourceTree = "<group>"; };
		D1B8A37324B230CF00DEB477 /* JEBaseEmptyView.h */ = {isa = PBXFileReference; fileEncoding = 4; lastKnownFileType = sourcecode.c.h; path = JEBaseEmptyView.h; sourceTree = "<group>"; };
		D1B8A37424B230CF00DEB477 /* JEBaseEmptyView.m */ = {isa = PBXFileReference; fileEncoding = 4; lastKnownFileType = sourcecode.c.objc; path = JEBaseEmptyView.m; sourceTree = "<group>"; };
		D1B8A37624B230E500DEB477 /* JEBaseLoadingView.m */ = {isa = PBXFileReference; fileEncoding = 4; lastKnownFileType = sourcecode.c.objc; path = JEBaseLoadingView.m; sourceTree = "<group>"; };
		D1B8A37924B230E500DEB477 /* MagneticTableFooterView.m */ = {isa = PBXFileReference; fileEncoding = 4; lastKnownFileType = sourcecode.c.objc; path = MagneticTableFooterView.m; sourceTree = "<group>"; };
		D1B8A37B24B230E500DEB477 /* JEBaseLoadingView.h */ = {isa = PBXFileReference; fileEncoding = 4; lastKnownFileType = sourcecode.c.h; path = JEBaseLoadingView.h; sourceTree = "<group>"; };
		D1B8A37D24B230E500DEB477 /* MagneticTableFooterView.h */ = {isa = PBXFileReference; fileEncoding = 4; lastKnownFileType = sourcecode.c.h; path = MagneticTableFooterView.h; sourceTree = "<group>"; };
		D1B8A38224B230EF00DEB477 /* MagneticContext.h */ = {isa = PBXFileReference; fileEncoding = 4; lastKnownFileType = sourcecode.c.h; path = MagneticContext.h; sourceTree = "<group>"; };
		D1B8A38324B230EF00DEB477 /* MagneticContext.m */ = {isa = PBXFileReference; fileEncoding = 4; lastKnownFileType = sourcecode.c.objc; path = MagneticContext.m; sourceTree = "<group>"; };
		D1B8A39224B234F400DEB477 /* MagneticErrorCell.m */ = {isa = PBXFileReference; fileEncoding = 4; lastKnownFileType = sourcecode.c.objc; path = MagneticErrorCell.m; sourceTree = "<group>"; };
		D1B8A39324B234F400DEB477 /* MagneticErrorCell.h */ = {isa = PBXFileReference; fileEncoding = 4; lastKnownFileType = sourcecode.c.h; path = MagneticErrorCell.h; sourceTree = "<group>"; };
		D1B8A39924B2356700DEB477 /* UIView+NetWorkError.m */ = {isa = PBXFileReference; fileEncoding = 4; lastKnownFileType = sourcecode.c.objc; path = "UIView+NetWorkError.m"; sourceTree = "<group>"; };
		D1B8A39A24B2356700DEB477 /* UIView+NetWorkError.h */ = {isa = PBXFileReference; fileEncoding = 4; lastKnownFileType = sourcecode.c.h; path = "UIView+NetWorkError.h"; sourceTree = "<group>"; };
		D1B8A39E24B2359800DEB477 /* MagneticsControllerProtocol.h */ = {isa = PBXFileReference; fileEncoding = 4; lastKnownFileType = sourcecode.c.h; path = MagneticsControllerProtocol.h; sourceTree = "<group>"; };
		D1B8A39F24B235AC00DEB477 /* MagneticController.m */ = {isa = PBXFileReference; fileEncoding = 4; lastKnownFileType = sourcecode.c.objc; path = MagneticController.m; sourceTree = "<group>"; };
		D1B8A3A124B235AC00DEB477 /* MagneticController.h */ = {isa = PBXFileReference; fileEncoding = 4; lastKnownFileType = sourcecode.c.h; path = MagneticController.h; sourceTree = "<group>"; };
		D1B8A3A524B2371A00DEB477 /* MagneticsController.m */ = {isa = PBXFileReference; fileEncoding = 4; lastKnownFileType = sourcecode.c.objc; path = MagneticsController.m; sourceTree = "<group>"; };
		D1B8A3A624B2371A00DEB477 /* MagneticsController.h */ = {isa = PBXFileReference; fileEncoding = 4; lastKnownFileType = sourcecode.c.h; path = MagneticsController.h; sourceTree = "<group>"; };
		D1B8A3A824B2377A00DEB477 /* MagneticTableView.h */ = {isa = PBXFileReference; fileEncoding = 4; lastKnownFileType = sourcecode.c.h; path = MagneticTableView.h; sourceTree = "<group>"; };
		D1B8A3A924B2377A00DEB477 /* MagneticTableView.m */ = {isa = PBXFileReference; fileEncoding = 4; lastKnownFileType = sourcecode.c.objc; path = MagneticTableView.m; sourceTree = "<group>"; };
		D1D23F2C25B7174F00E4BB2D /* MagneticsDemoViewController.h */ = {isa = PBXFileReference; fileEncoding = 4; lastKnownFileType = sourcecode.c.h; path = MagneticsDemoViewController.h; sourceTree = "<group>"; };
		D1D23F2D25B7174F00E4BB2D /* MagneticsDemoViewController.m */ = {isa = PBXFileReference; fileEncoding = 4; lastKnownFileType = sourcecode.c.objc; path = MagneticsDemoViewController.m; sourceTree = "<group>"; };
		D1D23F2F25B7277D00E4BB2D /* MagneticDemo2Controller.h */ = {isa = PBXFileReference; lastKnownFileType = sourcecode.c.h; path = MagneticDemo2Controller.h; sourceTree = "<group>"; };
		D1D23F3025B7277D00E4BB2D /* MagneticDemo2Controller.m */ = {isa = PBXFileReference; lastKnownFileType = sourcecode.c.objc; path = MagneticDemo2Controller.m; sourceTree = "<group>"; };
		D1D23F3225B7279900E4BB2D /* MagneticDemo3Controller.h */ = {isa = PBXFileReference; lastKnownFileType = sourcecode.c.h; path = MagneticDemo3Controller.h; sourceTree = "<group>"; };
		D1D23F3325B7279900E4BB2D /* MagneticDemo3Controller.m */ = {isa = PBXFileReference; lastKnownFileType = sourcecode.c.objc; path = MagneticDemo3Controller.m; sourceTree = "<group>"; };
		D1D9E7EF2483D0C400F2957A /* ShelfMagnetic.app */ = {isa = PBXFileReference; explicitFileType = wrapper.application; includeInIndex = 0; path = ShelfMagnetic.app; sourceTree = BUILT_PRODUCTS_DIR; };
		D1D9E7F22483D0C400F2957A /* AppDelegate.h */ = {isa = PBXFileReference; lastKnownFileType = sourcecode.c.h; path = AppDelegate.h; sourceTree = "<group>"; };
		D1D9E7F32483D0C400F2957A /* AppDelegate.m */ = {isa = PBXFileReference; lastKnownFileType = sourcecode.c.objc; path = AppDelegate.m; sourceTree = "<group>"; };
		D1D9E7F52483D0C400F2957A /* SceneDelegate.h */ = {isa = PBXFileReference; lastKnownFileType = sourcecode.c.h; path = SceneDelegate.h; sourceTree = "<group>"; };
		D1D9E7F62483D0C400F2957A /* SceneDelegate.m */ = {isa = PBXFileReference; lastKnownFileType = sourcecode.c.objc; path = SceneDelegate.m; sourceTree = "<group>"; };
		D1D9E7F82483D0C400F2957A /* ViewController.h */ = {isa = PBXFileReference; lastKnownFileType = sourcecode.c.h; path = ViewController.h; sourceTree = "<group>"; };
		D1D9E7F92483D0C400F2957A /* ViewController.m */ = {isa = PBXFileReference; lastKnownFileType = sourcecode.c.objc; path = ViewController.m; sourceTree = "<group>"; };
		D1D9E7FC2483D0C400F2957A /* Base */ = {isa = PBXFileReference; lastKnownFileType = file.storyboard; name = Base; path = Base.lproj/Main.storyboard; sourceTree = "<group>"; };
		D1D9E7FE2483D0C500F2957A /* Assets.xcassets */ = {isa = PBXFileReference; lastKnownFileType = folder.assetcatalog; path = Assets.xcassets; sourceTree = "<group>"; };
		D1D9E8012483D0C500F2957A /* Base */ = {isa = PBXFileReference; lastKnownFileType = file.storyboard; name = Base; path = Base.lproj/LaunchScreen.storyboard; sourceTree = "<group>"; };
		D1D9E8032483D0C500F2957A /* Info.plist */ = {isa = PBXFileReference; lastKnownFileType = text.plist.xml; path = Info.plist; sourceTree = "<group>"; };
		D1D9E8042483D0C500F2957A /* main.m */ = {isa = PBXFileReference; lastKnownFileType = sourcecode.c.objc; path = main.m; sourceTree = "<group>"; };
		D1D9E80A2483D0C600F2957A /* ShelfMagneticTests.xctest */ = {isa = PBXFileReference; explicitFileType = wrapper.cfbundle; includeInIndex = 0; path = ShelfMagneticTests.xctest; sourceTree = BUILT_PRODUCTS_DIR; };
		D1D9E80E2483D0C600F2957A /* ShelfMagneticTests.m */ = {isa = PBXFileReference; lastKnownFileType = sourcecode.c.objc; path = ShelfMagneticTests.m; sourceTree = "<group>"; };
		D1D9E8102483D0C600F2957A /* Info.plist */ = {isa = PBXFileReference; lastKnownFileType = text.plist.xml; path = Info.plist; sourceTree = "<group>"; };
		D1D9E8152483D0C600F2957A /* ShelfMagneticUITests.xctest */ = {isa = PBXFileReference; explicitFileType = wrapper.cfbundle; includeInIndex = 0; path = ShelfMagneticUITests.xctest; sourceTree = BUILT_PRODUCTS_DIR; };
		D1D9E8192483D0C600F2957A /* ShelfMagneticUITests.m */ = {isa = PBXFileReference; lastKnownFileType = sourcecode.c.objc; path = ShelfMagneticUITests.m; sourceTree = "<group>"; };
		D1D9E81B2483D0C600F2957A /* Info.plist */ = {isa = PBXFileReference; lastKnownFileType = text.plist.xml; path = Info.plist; sourceTree = "<group>"; };
		D1DE620124B5BA07001E81B1 /* ShelfMagnetic.h */ = {isa = PBXFileReference; lastKnownFileType = sourcecode.c.h; path = ShelfMagnetic.h; sourceTree = "<group>"; };
		D1F148FA24B9A7BF003F84B8 /* JELoadingManager.h */ = {isa = PBXFileReference; lastKnownFileType = sourcecode.c.h; path = JELoadingManager.h; sourceTree = "<group>"; };
		D1F148FB24B9A7BF003F84B8 /* JELoadingManager.m */ = {isa = PBXFileReference; lastKnownFileType = sourcecode.c.objc; path = JELoadingManager.m; sourceTree = "<group>"; };
		E538D4EA7C596491A63FD1E2 /* Pods_ShelfMagneticTests.framework */ = {isa = PBXFileReference; explicitFileType = wrapper.framework; includeInIndex = 0; path = Pods_ShelfMagneticTests.framework; sourceTree = BUILT_PRODUCTS_DIR; };
/* End PBXFileReference section */

/* Begin PBXFrameworksBuildPhase section */
		D1D9E7EC2483D0C400F2957A /* Frameworks */ = {
			isa = PBXFrameworksBuildPhase;
			buildActionMask = 2147483647;
			files = (
				D1D393CD24B5B59400514613 /* Pods_ShelfMagnetic.framework in Frameworks */,
			);
			runOnlyForDeploymentPostprocessing = 0;
		};
		D1D9E8072483D0C600F2957A /* Frameworks */ = {
			isa = PBXFrameworksBuildPhase;
			buildActionMask = 2147483647;
			files = (
				87309F228107F82C7606277B /* Pods_ShelfMagneticTests.framework in Frameworks */,
			);
			runOnlyForDeploymentPostprocessing = 0;
		};
		D1D9E8122483D0C600F2957A /* Frameworks */ = {
			isa = PBXFrameworksBuildPhase;
			buildActionMask = 2147483647;
			files = (
				4FCA4813B6421092D1B3BADE /* Pods_ShelfMagneticUITests.framework in Frameworks */,
			);
			runOnlyForDeploymentPostprocessing = 0;
		};
/* End PBXFrameworksBuildPhase section */

/* Begin PBXGroup section */
		3C5257F6CC5A00D65F1EFF7E /* Frameworks */ = {
			isa = PBXGroup;
			children = (
				0E611EAE0C8F289C031F5CBB /* Pods_ShelfMagnetic.framework */,
				E538D4EA7C596491A63FD1E2 /* Pods_ShelfMagneticTests.framework */,
				055EA43755EE280ABD8665E4 /* Pods_ShelfMagneticUITests.framework */,
			);
			name = Frameworks;
			sourceTree = "<group>";
		};
		3C7489DE8825CB8726F6CD51 /* Pods */ = {
			isa = PBXGroup;
			children = (
				96E7AFBD68CBF6B4A5C1B03E /* Pods-ShelfMagnetic.debug.xcconfig */,
				BCC103CDAB73EF04BEEE094F /* Pods-ShelfMagnetic.release.xcconfig */,
				1DA29060E0CDACFC9DAC2C02 /* Pods-ShelfMagneticTests.debug.xcconfig */,
				5A28446C7AD8200E284F333E /* Pods-ShelfMagneticTests.release.xcconfig */,
				8C973470D6363E337784DFDC /* Pods-ShelfMagneticUITests.debug.xcconfig */,
				865EF70E3310D48C9067775B /* Pods-ShelfMagneticUITests.release.xcconfig */,
			);
			path = Pods;
			sourceTree = "<group>";
		};
		D133751124B59EEC00DF1392 /* Class */ = {
			isa = PBXGroup;
			children = (
				D1B8A35124B1E5D300DEB477 /* Category */,
				D1B8A35024B1E5C200DEB477 /* Request */,
				D1D9E8742484100E00F2957A /* Controller */,
				D1D9E8812484100F00F2957A /* Model */,
				D1D9E87A2484100E00F2957A /* View */,
				D1DE620124B5BA07001E81B1 /* ShelfMagnetic.h */,
			);
			path = Class;
			sourceTree = "<group>";
		};
		D1B8A35024B1E5C200DEB477 /* Request */ = {
			isa = PBXGroup;
			children = (
				D1B8A35224B1E6AD00DEB477 /* JEHttpManager.h */,
				D1B8A35324B1E6AD00DEB477 /* JEHttpManager.m */,
				D1F148FA24B9A7BF003F84B8 /* JELoadingManager.h */,
				D1F148FB24B9A7BF003F84B8 /* JELoadingManager.m */,
			);
			path = Request;
			sourceTree = "<group>";
		};
		D1B8A35124B1E5D300DEB477 /* Category */ = {
			isa = PBXGroup;
			children = (
				D152165524B4875100B027C1 /* NSObject+Runtime.h */,
				D152165624B4875100B027C1 /* NSObject+Runtime.m */,
				D1B8A39A24B2356700DEB477 /* UIView+NetWorkError.h */,
				D1B8A39924B2356700DEB477 /* UIView+NetWorkError.m */,
				D131D77424C9D8330014ADCB /* NSDate+Extension.h */,
				D131D77524C9D8330014ADCB /* NSDate+Extension.m */,
			);
			path = Category;
			sourceTree = "<group>";
		};
		D1D23F2B25B7172800E4BB2D /* Demo */ = {
			isa = PBXGroup;
			children = (
				D1411D2124B5EA53000A0C53 /* MagneticDemoController.h */,
				D1411D2224B5EA53000A0C53 /* MagneticDemoController.m */,
				D1D23F2F25B7277D00E4BB2D /* MagneticDemo2Controller.h */,
				D1D23F3025B7277D00E4BB2D /* MagneticDemo2Controller.m */,
				D1D23F3225B7279900E4BB2D /* MagneticDemo3Controller.h */,
				D1D23F3325B7279900E4BB2D /* MagneticDemo3Controller.m */,
				D1D23F2C25B7174F00E4BB2D /* MagneticsDemoViewController.h */,
				D1D23F2D25B7174F00E4BB2D /* MagneticsDemoViewController.m */,
			);
			path = Demo;
			sourceTree = "<group>";
		};
		D1D9E7E62483D0C400F2957A = {
			isa = PBXGroup;
			children = (
				D1D9E7F12483D0C400F2957A /* ShelfMagnetic */,
				D1D9E80D2483D0C600F2957A /* ShelfMagneticTests */,
				D1D9E8182483D0C600F2957A /* ShelfMagneticUITests */,
				D1D9E7F02483D0C400F2957A /* Products */,
				3C7489DE8825CB8726F6CD51 /* Pods */,
				3C5257F6CC5A00D65F1EFF7E /* Frameworks */,
			);
			sourceTree = "<group>";
		};
		D1D9E7F02483D0C400F2957A /* Products */ = {
			isa = PBXGroup;
			children = (
				D1D9E7EF2483D0C400F2957A /* ShelfMagnetic.app */,
				D1D9E80A2483D0C600F2957A /* ShelfMagneticTests.xctest */,
				D1D9E8152483D0C600F2957A /* ShelfMagneticUITests.xctest */,
			);
			name = Products;
			sourceTree = "<group>";
		};
		D1D9E7F12483D0C400F2957A /* ShelfMagnetic */ = {
			isa = PBXGroup;
			children = (
				D1D23F2B25B7172800E4BB2D /* Demo */,
				D133751124B59EEC00DF1392 /* Class */,
				D1D9E7F22483D0C400F2957A /* AppDelegate.h */,
				D1D9E7F32483D0C400F2957A /* AppDelegate.m */,
				D1D9E7F52483D0C400F2957A /* SceneDelegate.h */,
				D1D9E7F62483D0C400F2957A /* SceneDelegate.m */,
				D1D9E7F82483D0C400F2957A /* ViewController.h */,
				D1D9E7F92483D0C400F2957A /* ViewController.m */,
				D1D9E7FB2483D0C400F2957A /* Main.storyboard */,
				D1D9E7FE2483D0C500F2957A /* Assets.xcassets */,
				D1D9E8002483D0C500F2957A /* LaunchScreen.storyboard */,
				D1D9E8032483D0C500F2957A /* Info.plist */,
				D1D9E8042483D0C500F2957A /* main.m */,
			);
			path = ShelfMagnetic;
			sourceTree = "<group>";
		};
		D1D9E80D2483D0C600F2957A /* ShelfMagneticTests */ = {
			isa = PBXGroup;
			children = (
				D1D9E80E2483D0C600F2957A /* ShelfMagneticTests.m */,
				D1D9E8102483D0C600F2957A /* Info.plist */,
			);
			path = ShelfMagneticTests;
			sourceTree = "<group>";
		};
		D1D9E8182483D0C600F2957A /* ShelfMagneticUITests */ = {
			isa = PBXGroup;
			children = (
				D1D9E8192483D0C600F2957A /* ShelfMagneticUITests.m */,
				D1D9E81B2483D0C600F2957A /* Info.plist */,
			);
			path = ShelfMagneticUITests;
			sourceTree = "<group>";
		};
		D1D9E8742484100E00F2957A /* Controller */ = {
			isa = PBXGroup;
			children = (
				D1B8A3A124B235AC00DEB477 /* MagneticController.h */,
				D1B8A39F24B235AC00DEB477 /* MagneticController.m */,
				D1B8A3A624B2371A00DEB477 /* MagneticsController.h */,
				D1B8A3A524B2371A00DEB477 /* MagneticsController.m */,
				D1B8A39E24B2359800DEB477 /* MagneticsControllerProtocol.h */,
			);
			path = Controller;
			sourceTree = "<group>";
		};
		D1D9E87A2484100E00F2957A /* View */ = {
			isa = PBXGroup;
			children = (
				D1B8A3A824B2377A00DEB477 /* MagneticTableView.h */,
				D1B8A3A924B2377A00DEB477 /* MagneticTableView.m */,
				D1B8A39324B234F400DEB477 /* MagneticErrorCell.h */,
				D1B8A39224B234F400DEB477 /* MagneticErrorCell.m */,
				D1B8A37B24B230E500DEB477 /* JEBaseLoadingView.h */,
				D1B8A37624B230E500DEB477 /* JEBaseLoadingView.m */,
				D1B8A37D24B230E500DEB477 /* MagneticTableFooterView.h */,
				D1B8A37924B230E500DEB477 /* MagneticTableFooterView.m */,
				D1B8A37324B230CF00DEB477 /* JEBaseEmptyView.h */,
				D1B8A37424B230CF00DEB477 /* JEBaseEmptyView.m */,
			);
			path = View;
			sourceTree = "<group>";
		};
		D1D9E8812484100F00F2957A /* Model */ = {
			isa = PBXGroup;
			children = (
				D1B8A38224B230EF00DEB477 /* MagneticContext.h */,
				D1B8A38324B230EF00DEB477 /* MagneticContext.m */,
			);
			path = Model;
			sourceTree = "<group>";
		};
/* End PBXGroup section */

/* Begin PBXNativeTarget section */
		D1D9E7EE2483D0C400F2957A /* ShelfMagnetic */ = {
			isa = PBXNativeTarget;
			buildConfigurationList = D1D9E81E2483D0C600F2957A /* Build configuration list for PBXNativeTarget "ShelfMagnetic" */;
			buildPhases = (
				FF76356FB937DAF961F10651 /* [CP] Check Pods Manifest.lock */,
				D1D9E7EB2483D0C400F2957A /* Sources */,
				D1D9E7EC2483D0C400F2957A /* Frameworks */,
				D1D9E7ED2483D0C400F2957A /* Resources */,
				FB44D7CB88DB8624CCE6089C /* [CP] Embed Pods Frameworks */,
			);
			buildRules = (
			);
			dependencies = (
			);
			name = ShelfMagnetic;
			productName = ShelfMagnetic;
			productReference = D1D9E7EF2483D0C400F2957A /* ShelfMagnetic.app */;
			productType = "com.apple.product-type.application";
		};
		D1D9E8092483D0C600F2957A /* ShelfMagneticTests */ = {
			isa = PBXNativeTarget;
			buildConfigurationList = D1D9E8212483D0C600F2957A /* Build configuration list for PBXNativeTarget "ShelfMagneticTests" */;
			buildPhases = (
				7B51F389DFC44ABCEBDE4A01 /* [CP] Check Pods Manifest.lock */,
				D1D9E8062483D0C600F2957A /* Sources */,
				D1D9E8072483D0C600F2957A /* Frameworks */,
				D1D9E8082483D0C600F2957A /* Resources */,
			);
			buildRules = (
			);
			dependencies = (
				D1D9E80C2483D0C600F2957A /* PBXTargetDependency */,
			);
			name = ShelfMagneticTests;
			productName = ShelfMagneticTests;
			productReference = D1D9E80A2483D0C600F2957A /* ShelfMagneticTests.xctest */;
			productType = "com.apple.product-type.bundle.unit-test";
		};
		D1D9E8142483D0C600F2957A /* ShelfMagneticUITests */ = {
			isa = PBXNativeTarget;
			buildConfigurationList = D1D9E8242483D0C600F2957A /* Build configuration list for PBXNativeTarget "ShelfMagneticUITests" */;
			buildPhases = (
				2B9F838CEEA95C3A0C1BA42A /* [CP] Check Pods Manifest.lock */,
				D1D9E8112483D0C600F2957A /* Sources */,
				D1D9E8122483D0C600F2957A /* Frameworks */,
				D1D9E8132483D0C600F2957A /* Resources */,
			);
			buildRules = (
			);
			dependencies = (
				D1D9E8172483D0C600F2957A /* PBXTargetDependency */,
			);
			name = ShelfMagneticUITests;
			productName = ShelfMagneticUITests;
			productReference = D1D9E8152483D0C600F2957A /* ShelfMagneticUITests.xctest */;
			productType = "com.apple.product-type.bundle.ui-testing";
		};
/* End PBXNativeTarget section */

/* Begin PBXProject section */
		D1D9E7E72483D0C400F2957A /* Project object */ = {
			isa = PBXProject;
			attributes = {
				LastUpgradeCheck = 1100;
				ORGANIZATIONNAME = Jenson;
				TargetAttributes = {
					D1D9E7EE2483D0C400F2957A = {
						CreatedOnToolsVersion = 11.0;
					};
					D1D9E8092483D0C600F2957A = {
						CreatedOnToolsVersion = 11.0;
						TestTargetID = D1D9E7EE2483D0C400F2957A;
					};
					D1D9E8142483D0C600F2957A = {
						CreatedOnToolsVersion = 11.0;
						TestTargetID = D1D9E7EE2483D0C400F2957A;
					};
				};
			};
			buildConfigurationList = D1D9E7EA2483D0C400F2957A /* Build configuration list for PBXProject "ShelfMagnetic" */;
			compatibilityVersion = "Xcode 9.3";
			developmentRegion = en;
			hasScannedForEncodings = 0;
			knownRegions = (
				en,
				Base,
			);
			mainGroup = D1D9E7E62483D0C400F2957A;
			productRefGroup = D1D9E7F02483D0C400F2957A /* Products */;
			projectDirPath = "";
			projectRoot = "";
			targets = (
				D1D9E7EE2483D0C400F2957A /* ShelfMagnetic */,
				D1D9E8092483D0C600F2957A /* ShelfMagneticTests */,
				D1D9E8142483D0C600F2957A /* ShelfMagneticUITests */,
			);
		};
/* End PBXProject section */

/* Begin PBXResourcesBuildPhase section */
		D1D9E7ED2483D0C400F2957A /* Resources */ = {
			isa = PBXResourcesBuildPhase;
			buildActionMask = 2147483647;
			files = (
				D1D9E8022483D0C500F2957A /* LaunchScreen.storyboard in Resources */,
				D1D9E7FF2483D0C500F2957A /* Assets.xcassets in Resources */,
				D1D9E7FD2483D0C400F2957A /* Main.storyboard in Resources */,
			);
			runOnlyForDeploymentPostprocessing = 0;
		};
		D1D9E8082483D0C600F2957A /* Resources */ = {
			isa = PBXResourcesBuildPhase;
			buildActionMask = 2147483647;
			files = (
			);
			runOnlyForDeploymentPostprocessing = 0;
		};
		D1D9E8132483D0C600F2957A /* Resources */ = {
			isa = PBXResourcesBuildPhase;
			buildActionMask = 2147483647;
			files = (
			);
			runOnlyForDeploymentPostprocessing = 0;
		};
/* End PBXResourcesBuildPhase section */

/* Begin PBXShellScriptBuildPhase section */
		2B9F838CEEA95C3A0C1BA42A /* [CP] Check Pods Manifest.lock */ = {
			isa = PBXShellScriptBuildPhase;
			buildActionMask = 2147483647;
			files = (
			);
			inputFileListPaths = (
			);
			inputPaths = (
				"${PODS_PODFILE_DIR_PATH}/Podfile.lock",
				"${PODS_ROOT}/Manifest.lock",
			);
			name = "[CP] Check Pods Manifest.lock";
			outputFileListPaths = (
			);
			outputPaths = (
				"$(DERIVED_FILE_DIR)/Pods-ShelfMagneticUITests-checkManifestLockResult.txt",
			);
			runOnlyForDeploymentPostprocessing = 0;
			shellPath = /bin/sh;
			shellScript = "diff \"${PODS_PODFILE_DIR_PATH}/Podfile.lock\" \"${PODS_ROOT}/Manifest.lock\" > /dev/null\nif [ $? != 0 ] ; then\n    # print error to STDERR\n    echo \"error: The sandbox is not in sync with the Podfile.lock. Run 'pod install' or update your CocoaPods installation.\" >&2\n    exit 1\nfi\n# This output is used by Xcode 'outputs' to avoid re-running this script phase.\necho \"SUCCESS\" > \"${SCRIPT_OUTPUT_FILE_0}\"\n";
			showEnvVarsInLog = 0;
		};
		7B51F389DFC44ABCEBDE4A01 /* [CP] Check Pods Manifest.lock */ = {
			isa = PBXShellScriptBuildPhase;
			buildActionMask = 2147483647;
			files = (
			);
			inputFileListPaths = (
			);
			inputPaths = (
				"${PODS_PODFILE_DIR_PATH}/Podfile.lock",
				"${PODS_ROOT}/Manifest.lock",
			);
			name = "[CP] Check Pods Manifest.lock";
			outputFileListPaths = (
			);
			outputPaths = (
				"$(DERIVED_FILE_DIR)/Pods-ShelfMagneticTests-checkManifestLockResult.txt",
			);
			runOnlyForDeploymentPostprocessing = 0;
			shellPath = /bin/sh;
			shellScript = "diff \"${PODS_PODFILE_DIR_PATH}/Podfile.lock\" \"${PODS_ROOT}/Manifest.lock\" > /dev/null\nif [ $? != 0 ] ; then\n    # print error to STDERR\n    echo \"error: The sandbox is not in sync with the Podfile.lock. Run 'pod install' or update your CocoaPods installation.\" >&2\n    exit 1\nfi\n# This output is used by Xcode 'outputs' to avoid re-running this script phase.\necho \"SUCCESS\" > \"${SCRIPT_OUTPUT_FILE_0}\"\n";
			showEnvVarsInLog = 0;
		};
		FB44D7CB88DB8624CCE6089C /* [CP] Embed Pods Frameworks */ = {
			isa = PBXShellScriptBuildPhase;
			buildActionMask = 2147483647;
			files = (
			);
			inputFileListPaths = (
				"${PODS_ROOT}/Target Support Files/Pods-ShelfMagnetic/Pods-ShelfMagnetic-frameworks-${CONFIGURATION}-input-files.xcfilelist",
			);
			name = "[CP] Embed Pods Frameworks";
			outputFileListPaths = (
				"${PODS_ROOT}/Target Support Files/Pods-ShelfMagnetic/Pods-ShelfMagnetic-frameworks-${CONFIGURATION}-output-files.xcfilelist",
			);
			runOnlyForDeploymentPostprocessing = 0;
			shellPath = /bin/sh;
			shellScript = "\"${PODS_ROOT}/Target Support Files/Pods-ShelfMagnetic/Pods-ShelfMagnetic-frameworks.sh\"\n";
			showEnvVarsInLog = 0;
		};
		FF76356FB937DAF961F10651 /* [CP] Check Pods Manifest.lock */ = {
			isa = PBXShellScriptBuildPhase;
			buildActionMask = 2147483647;
			files = (
			);
			inputFileListPaths = (
			);
			inputPaths = (
				"${PODS_PODFILE_DIR_PATH}/Podfile.lock",
				"${PODS_ROOT}/Manifest.lock",
			);
			name = "[CP] Check Pods Manifest.lock";
			outputFileListPaths = (
			);
			outputPaths = (
				"$(DERIVED_FILE_DIR)/Pods-ShelfMagnetic-checkManifestLockResult.txt",
			);
			runOnlyForDeploymentPostprocessing = 0;
			shellPath = /bin/sh;
			shellScript = "diff \"${PODS_PODFILE_DIR_PATH}/Podfile.lock\" \"${PODS_ROOT}/Manifest.lock\" > /dev/null\nif [ $? != 0 ] ; then\n    # print error to STDERR\n    echo \"error: The sandbox is not in sync with the Podfile.lock. Run 'pod install' or update your CocoaPods installation.\" >&2\n    exit 1\nfi\n# This output is used by Xcode 'outputs' to avoid re-running this script phase.\necho \"SUCCESS\" > \"${SCRIPT_OUTPUT_FILE_0}\"\n";
			showEnvVarsInLog = 0;
		};
/* End PBXShellScriptBuildPhase section */

/* Begin PBXSourcesBuildPhase section */
		D1D9E7EB2483D0C400F2957A /* Sources */ = {
			isa = PBXSourcesBuildPhase;
			buildActionMask = 2147483647;
			files = (
				D1B8A37524B230CF00DEB477 /* JEBaseEmptyView.m in Sources */,
				D1F148FC24B9A7BF003F84B8 /* JELoadingManager.m in Sources */,
				D1B8A3A724B2371A00DEB477 /* MagneticsController.m in Sources */,
				D1B8A35424B1E6AD00DEB477 /* JEHttpManager.m in Sources */,
				D1B8A37E24B230E500DEB477 /* JEBaseLoadingView.m in Sources */,
				D1D23F3425B7279900E4BB2D /* MagneticDemo3Controller.m in Sources */,
				D1411D2324B5EA53000A0C53 /* MagneticDemoController.m in Sources */,
				D1D9E7FA2483D0C400F2957A /* ViewController.m in Sources */,
				D1D9E7F42483D0C400F2957A /* AppDelegate.m in Sources */,
				D131D77624C9D8330014ADCB /* NSDate+Extension.m in Sources */,
				D1D9E8052483D0C500F2957A /* main.m in Sources */,
				D1B8A3AA24B2377A00DEB477 /* MagneticTableView.m in Sources */,
				D1D23F3125B7277D00E4BB2D /* MagneticDemo2Controller.m in Sources */,
				D1B8A39D24B2356700DEB477 /* UIView+NetWorkError.m in Sources */,
				D1B8A38024B230E500DEB477 /* MagneticTableFooterView.m in Sources */,
				D1B8A3A324B235AC00DEB477 /* MagneticController.m in Sources */,
				D152165724B4875100B027C1 /* NSObject+Runtime.m in Sources */,
				D1B8A39424B234F400DEB477 /* MagneticErrorCell.m in Sources */,
				D1D9E7F72483D0C400F2957A /* SceneDelegate.m in Sources */,
				D1D23F2E25B7174F00E4BB2D /* MagneticsDemoViewController.m in Sources */,
				D1B8A38424B230EF00DEB477 /* MagneticContext.m in Sources */,
			);
			runOnlyForDeploymentPostprocessing = 0;
		};
		D1D9E8062483D0C600F2957A /* Sources */ = {
			isa = PBXSourcesBuildPhase;
			buildActionMask = 2147483647;
			files = (
				D1D9E80F2483D0C600F2957A /* ShelfMagneticTests.m in Sources */,
			);
			runOnlyForDeploymentPostprocessing = 0;
		};
		D1D9E8112483D0C600F2957A /* Sources */ = {
			isa = PBXSourcesBuildPhase;
			buildActionMask = 2147483647;
			files = (
				D1D9E81A2483D0C600F2957A /* ShelfMagneticUITests.m in Sources */,
			);
			runOnlyForDeploymentPostprocessing = 0;
		};
/* End PBXSourcesBuildPhase section */

/* Begin PBXTargetDependency section */
		D1D9E80C2483D0C600F2957A /* PBXTargetDependency */ = {
			isa = PBXTargetDependency;
			target = D1D9E7EE2483D0C400F2957A /* ShelfMagnetic */;
			targetProxy = D1D9E80B2483D0C600F2957A /* PBXContainerItemProxy */;
		};
		D1D9E8172483D0C600F2957A /* PBXTargetDependency */ = {
			isa = PBXTargetDependency;
			target = D1D9E7EE2483D0C400F2957A /* ShelfMagnetic */;
			targetProxy = D1D9E8162483D0C600F2957A /* PBXContainerItemProxy */;
		};
/* End PBXTargetDependency section */

/* Begin PBXVariantGroup section */
		D1D9E7FB2483D0C400F2957A /* Main.storyboard */ = {
			isa = PBXVariantGroup;
			children = (
				D1D9E7FC2483D0C400F2957A /* Base */,
			);
			name = Main.storyboard;
			sourceTree = "<group>";
		};
		D1D9E8002483D0C500F2957A /* LaunchScreen.storyboard */ = {
			isa = PBXVariantGroup;
			children = (
				D1D9E8012483D0C500F2957A /* Base */,
			);
			name = LaunchScreen.storyboard;
			sourceTree = "<group>";
		};
/* End PBXVariantGroup section */

/* Begin XCBuildConfiguration section */
		D1D9E81C2483D0C600F2957A /* Debug */ = {
			isa = XCBuildConfiguration;
			buildSettings = {
				ALWAYS_SEARCH_USER_PATHS = NO;
				CLANG_ANALYZER_NONNULL = YES;
				CLANG_ANALYZER_NUMBER_OBJECT_CONVERSION = YES_AGGRESSIVE;
				CLANG_CXX_LANGUAGE_STANDARD = "gnu++14";
				CLANG_CXX_LIBRARY = "libc++";
				CLANG_ENABLE_MODULES = YES;
				CLANG_ENABLE_OBJC_ARC = YES;
				CLANG_ENABLE_OBJC_WEAK = YES;
				CLANG_WARN_BLOCK_CAPTURE_AUTORELEASING = YES;
				CLANG_WARN_BOOL_CONVERSION = YES;
				CLANG_WARN_COMMA = YES;
				CLANG_WARN_CONSTANT_CONVERSION = YES;
				CLANG_WARN_DEPRECATED_OBJC_IMPLEMENTATIONS = YES;
				CLANG_WARN_DIRECT_OBJC_ISA_USAGE = YES_ERROR;
				CLANG_WARN_DOCUMENTATION_COMMENTS = YES;
				CLANG_WARN_EMPTY_BODY = YES;
				CLANG_WARN_ENUM_CONVERSION = YES;
				CLANG_WARN_INFINITE_RECURSION = YES;
				CLANG_WARN_INT_CONVERSION = YES;
				CLANG_WARN_NON_LITERAL_NULL_CONVERSION = YES;
				CLANG_WARN_OBJC_IMPLICIT_RETAIN_SELF = YES;
				CLANG_WARN_OBJC_LITERAL_CONVERSION = YES;
				CLANG_WARN_OBJC_ROOT_CLASS = YES_ERROR;
				CLANG_WARN_RANGE_LOOP_ANALYSIS = YES;
				CLANG_WARN_STRICT_PROTOTYPES = YES;
				CLANG_WARN_SUSPICIOUS_MOVE = YES;
				CLANG_WARN_UNGUARDED_AVAILABILITY = YES_AGGRESSIVE;
				CLANG_WARN_UNREACHABLE_CODE = YES;
				CLANG_WARN__DUPLICATE_METHOD_MATCH = YES;
				COPY_PHASE_STRIP = NO;
				DEBUG_INFORMATION_FORMAT = dwarf;
				ENABLE_STRICT_OBJC_MSGSEND = YES;
				ENABLE_TESTABILITY = YES;
				GCC_C_LANGUAGE_STANDARD = gnu11;
				GCC_DYNAMIC_NO_PIC = NO;
				GCC_NO_COMMON_BLOCKS = YES;
				GCC_OPTIMIZATION_LEVEL = 0;
				GCC_PREPROCESSOR_DEFINITIONS = (
					"DEBUG=1",
					"$(inherited)",
				);
				GCC_WARN_64_TO_32_BIT_CONVERSION = YES;
				GCC_WARN_ABOUT_RETURN_TYPE = YES_ERROR;
				GCC_WARN_UNDECLARED_SELECTOR = YES;
				GCC_WARN_UNINITIALIZED_AUTOS = YES_AGGRESSIVE;
				GCC_WARN_UNUSED_FUNCTION = YES;
				GCC_WARN_UNUSED_VARIABLE = YES;
				IPHONEOS_DEPLOYMENT_TARGET = 10.0;
				MTL_ENABLE_DEBUG_INFO = INCLUDE_SOURCE;
				MTL_FAST_MATH = YES;
				ONLY_ACTIVE_ARCH = YES;
				SDKROOT = iphoneos;
			};
			name = Debug;
		};
		D1D9E81D2483D0C600F2957A /* Release */ = {
			isa = XCBuildConfiguration;
			buildSettings = {
				ALWAYS_SEARCH_USER_PATHS = NO;
				CLANG_ANALYZER_NONNULL = YES;
				CLANG_ANALYZER_NUMBER_OBJECT_CONVERSION = YES_AGGRESSIVE;
				CLANG_CXX_LANGUAGE_STANDARD = "gnu++14";
				CLANG_CXX_LIBRARY = "libc++";
				CLANG_ENABLE_MODULES = YES;
				CLANG_ENABLE_OBJC_ARC = YES;
				CLANG_ENABLE_OBJC_WEAK = YES;
				CLANG_WARN_BLOCK_CAPTURE_AUTORELEASING = YES;
				CLANG_WARN_BOOL_CONVERSION = YES;
				CLANG_WARN_COMMA = YES;
				CLANG_WARN_CONSTANT_CONVERSION = YES;
				CLANG_WARN_DEPRECATED_OBJC_IMPLEMENTATIONS = YES;
				CLANG_WARN_DIRECT_OBJC_ISA_USAGE = YES_ERROR;
				CLANG_WARN_DOCUMENTATION_COMMENTS = YES;
				CLANG_WARN_EMPTY_BODY = YES;
				CLANG_WARN_ENUM_CONVERSION = YES;
				CLANG_WARN_INFINITE_RECURSION = YES;
				CLANG_WARN_INT_CONVERSION = YES;
				CLANG_WARN_NON_LITERAL_NULL_CONVERSION = YES;
				CLANG_WARN_OBJC_IMPLICIT_RETAIN_SELF = YES;
				CLANG_WARN_OBJC_LITERAL_CONVERSION = YES;
				CLANG_WARN_OBJC_ROOT_CLASS = YES_ERROR;
				CLANG_WARN_RANGE_LOOP_ANALYSIS = YES;
				CLANG_WARN_STRICT_PROTOTYPES = YES;
				CLANG_WARN_SUSPICIOUS_MOVE = YES;
				CLANG_WARN_UNGUARDED_AVAILABILITY = YES_AGGRESSIVE;
				CLANG_WARN_UNREACHABLE_CODE = YES;
				CLANG_WARN__DUPLICATE_METHOD_MATCH = YES;
				COPY_PHASE_STRIP = NO;
				DEBUG_INFORMATION_FORMAT = "dwarf-with-dsym";
				ENABLE_NS_ASSERTIONS = NO;
				ENABLE_STRICT_OBJC_MSGSEND = YES;
				GCC_C_LANGUAGE_STANDARD = gnu11;
				GCC_NO_COMMON_BLOCKS = YES;
				GCC_WARN_64_TO_32_BIT_CONVERSION = YES;
				GCC_WARN_ABOUT_RETURN_TYPE = YES_ERROR;
				GCC_WARN_UNDECLARED_SELECTOR = YES;
				GCC_WARN_UNINITIALIZED_AUTOS = YES_AGGRESSIVE;
				GCC_WARN_UNUSED_FUNCTION = YES;
				GCC_WARN_UNUSED_VARIABLE = YES;
				IPHONEOS_DEPLOYMENT_TARGET = 10.0;
				MTL_ENABLE_DEBUG_INFO = NO;
				MTL_FAST_MATH = YES;
				SDKROOT = iphoneos;
				VALIDATE_PRODUCT = YES;
			};
			name = Release;
		};
		D1D9E81F2483D0C600F2957A /* Debug */ = {
			isa = XCBuildConfiguration;
			baseConfigurationReference = 96E7AFBD68CBF6B4A5C1B03E /* Pods-ShelfMagnetic.debug.xcconfig */;
			buildSettings = {
				ASSETCATALOG_COMPILER_APPICON_NAME = AppIcon;
				CODE_SIGN_STYLE = Automatic;
				INFOPLIST_FILE = ShelfMagnetic/Info.plist;
				LD_RUNPATH_SEARCH_PATHS = (
					"$(inherited)",
					"@executable_path/Frameworks",
				);
				MARKETING_VERSION = 0.0.5;
				PRODUCT_BUNDLE_IDENTIFIER = jenson.shelf.com.ShelfMagnetic;
				PRODUCT_NAME = "$(TARGET_NAME)";
				TARGETED_DEVICE_FAMILY = "1,2";
			};
			name = Debug;
		};
		D1D9E8202483D0C600F2957A /* Release */ = {
			isa = XCBuildConfiguration;
			baseConfigurationReference = BCC103CDAB73EF04BEEE094F /* Pods-ShelfMagnetic.release.xcconfig */;
			buildSettings = {
				ASSETCATALOG_COMPILER_APPICON_NAME = AppIcon;
				CODE_SIGN_STYLE = Automatic;
				INFOPLIST_FILE = ShelfMagnetic/Info.plist;
				LD_RUNPATH_SEARCH_PATHS = (
					"$(inherited)",
					"@executable_path/Frameworks",
				);
				MARKETING_VERSION = 0.0.5;
				PRODUCT_BUNDLE_IDENTIFIER = jenson.shelf.com.ShelfMagnetic;
				PRODUCT_NAME = "$(TARGET_NAME)";
				TARGETED_DEVICE_FAMILY = "1,2";
			};
			name = Release;
		};
		D1D9E8222483D0C600F2957A /* Debug */ = {
			isa = XCBuildConfiguration;
			baseConfigurationReference = 1DA29060E0CDACFC9DAC2C02 /* Pods-ShelfMagneticTests.debug.xcconfig */;
			buildSettings = {
				BUNDLE_LOADER = "$(TEST_HOST)";
				CODE_SIGN_STYLE = Automatic;
				INFOPLIST_FILE = ShelfMagneticTests/Info.plist;
				IPHONEOS_DEPLOYMENT_TARGET = 13.0;
				LD_RUNPATH_SEARCH_PATHS = (
					"$(inherited)",
					"@executable_path/Frameworks",
					"@loader_path/Frameworks",
				);
				PRODUCT_BUNDLE_IDENTIFIER = jenson.shelf.com.ShelfMagneticTests;
				PRODUCT_NAME = "$(TARGET_NAME)";
				TARGETED_DEVICE_FAMILY = "1,2";
				TEST_HOST = "$(BUILT_PRODUCTS_DIR)/ShelfMagnetic.app/ShelfMagnetic";
			};
			name = Debug;
		};
		D1D9E8232483D0C600F2957A /* Release */ = {
			isa = XCBuildConfiguration;
			baseConfigurationReference = 5A28446C7AD8200E284F333E /* Pods-ShelfMagneticTests.release.xcconfig */;
			buildSettings = {
				BUNDLE_LOADER = "$(TEST_HOST)";
				CODE_SIGN_STYLE = Automatic;
				INFOPLIST_FILE = ShelfMagneticTests/Info.plist;
				IPHONEOS_DEPLOYMENT_TARGET = 13.0;
				LD_RUNPATH_SEARCH_PATHS = (
					"$(inherited)",
					"@executable_path/Frameworks",
					"@loader_path/Frameworks",
				);
				PRODUCT_BUNDLE_IDENTIFIER = jenson.shelf.com.ShelfMagneticTests;
				PRODUCT_NAME = "$(TARGET_NAME)";
				TARGETED_DEVICE_FAMILY = "1,2";
				TEST_HOST = "$(BUILT_PRODUCTS_DIR)/ShelfMagnetic.app/ShelfMagnetic";
			};
			name = Release;
		};
		D1D9E8252483D0C600F2957A /* Debug */ = {
			isa = XCBuildConfiguration;
			baseConfigurationReference = 8C973470D6363E337784DFDC /* Pods-ShelfMagneticUITests.debug.xcconfig */;
			buildSettings = {
				CODE_SIGN_STYLE = Automatic;
				INFOPLIST_FILE = ShelfMagneticUITests/Info.plist;
				LD_RUNPATH_SEARCH_PATHS = (
					"$(inherited)",
					"@executable_path/Frameworks",
					"@loader_path/Frameworks",
				);
				PRODUCT_BUNDLE_IDENTIFIER = jenson.shelf.com.ShelfMagneticUITests;
				PRODUCT_NAME = "$(TARGET_NAME)";
				TARGETED_DEVICE_FAMILY = "1,2";
				TEST_TARGET_NAME = ShelfMagnetic;
			};
			name = Debug;
		};
		D1D9E8262483D0C600F2957A /* Release */ = {
			isa = XCBuildConfiguration;
			baseConfigurationReference = 865EF70E3310D48C9067775B /* Pods-ShelfMagneticUITests.release.xcconfig */;
			buildSettings = {
				CODE_SIGN_STYLE = Automatic;
				INFOPLIST_FILE = ShelfMagneticUITests/Info.plist;
				LD_RUNPATH_SEARCH_PATHS = (
					"$(inherited)",
					"@executable_path/Frameworks",
					"@loader_path/Frameworks",
				);
				PRODUCT_BUNDLE_IDENTIFIER = jenson.shelf.com.ShelfMagneticUITests;
				PRODUCT_NAME = "$(TARGET_NAME)";
				TARGETED_DEVICE_FAMILY = "1,2";
				TEST_TARGET_NAME = ShelfMagnetic;
			};
			name = Release;
		};
/* End XCBuildConfiguration section */

/* Begin XCConfigurationList section */
		D1D9E7EA2483D0C400F2957A /* Build configuration list for PBXProject "ShelfMagnetic" */ = {
			isa = XCConfigurationList;
			buildConfigurations = (
				D1D9E81C2483D0C600F2957A /* Debug */,
				D1D9E81D2483D0C600F2957A /* Release */,
			);
			defaultConfigurationIsVisible = 0;
			defaultConfigurationName = Release;
		};
		D1D9E81E2483D0C600F2957A /* Build configuration list for PBXNativeTarget "ShelfMagnetic" */ = {
			isa = XCConfigurationList;
			buildConfigurations = (
				D1D9E81F2483D0C600F2957A /* Debug */,
				D1D9E8202483D0C600F2957A /* Release */,
			);
			defaultConfigurationIsVisible = 0;
			defaultConfigurationName = Release;
		};
		D1D9E8212483D0C600F2957A /* Build configuration list for PBXNativeTarget "ShelfMagneticTests" */ = {
			isa = XCConfigurationList;
			buildConfigurations = (
				D1D9E8222483D0C600F2957A /* Debug */,
				D1D9E8232483D0C600F2957A /* Release */,
			);
			defaultConfigurationIsVisible = 0;
			defaultConfigurationName = Release;
		};
		D1D9E8242483D0C600F2957A /* Build configuration list for PBXNativeTarget "ShelfMagneticUITests" */ = {
			isa = XCConfigurationList;
			buildConfigurations = (
				D1D9E8252483D0C600F2957A /* Debug */,
				D1D9E8262483D0C600F2957A /* Release */,
			);
			defaultConfigurationIsVisible = 0;
			defaultConfigurationName = Release;
		};
/* End XCConfigurationList section */
	};
	rootObject = D1D9E7E72483D0C400F2957A /* Project object */;
}
